
Microsoft Visual Studio Solution File, Format Version 12.00
# Visual Studio 15
VisualStudioVersion = 15.0.26430.15
MinimumVisualStudioVersion = 10.0.40219.1
Project("{FAE04EC0-301F-11D3-BF4B-00C04F79EFBC}") = "Data_Types_Strings", "Data_Types_Strings\Data_Types_Strings.csproj", "{30213F91-F1C5-484B-91B2-145BA8AD37CD}"
EndProject
Global
	GlobalSection(SolutionConfigurationPlatforms) = preSolution
		Debug|Any CPU = Debug|Any CPU
		Release|Any CPU = Release|Any CPU
	EndGlobalSection
	GlobalSection(ProjectConfigurationPlatforms) = postSolution
		{30213F91-F1C5-484B-91B2-145BA8AD37CD}.Debug|Any CPU.ActiveCfg = Debug|Any CPU
		{30213F91-F1C5-484B-91B2-145BA8AD37CD}.Debug|Any CPU.Build.0 = Debug|Any CPU
		{30213F91-F1C5-484B-91B2-145BA8AD37CD}.Release|Any CPU.ActiveCfg = Release|Any CPU
		{30213F91-F1C5-484B-91B2-145BA8AD37CD}.Release|Any CPU.Build.0 = Release|Any CPU
	EndGlobalSection
	GlobalSection(SolutionProperties) = preSolution
		HideSolutionNode = FALSE
	EndGlobalSection
EndGlobal
